{
  "name": "@tesla-ce/web-plugin",
  "version": "0.0.16",
  "lockfileVersion": 1,
  "requires": true,
  "dependencies": {
    "@nebular/theme": {
      "version": "8.0.0",
      "resolved": "https://registry.npmjs.org/@nebular/theme/-/theme-8.0.0.tgz",
      "integrity": "sha512-Lq1a3IgjfU1bqwCrsPQBd3nGmjK61fND+6r4lmXFWDRvXti18k5KMIvzY+KryNsTEhEOyby+V5R16T67MKZs6g==",
      "requires": {
        "intersection-observer": "0.7.0"
      }
    },
    "@tesla-ce/icons": {
      "version": "0.0.40",
      "resolved": "https://registry.npmjs.org/@tesla-ce/icons/-/icons-0.0.40.tgz",
      "integrity": "sha512-s0JmMA/Kpk0BjikeL/U8ORpXMh9pMQ6S8gs0jFR2wY+gfmBCiVwir1zbSmHaqXXcdoroDnSOv8BTJeULZHiCsQ==",
      "requires": {
        "@nebular/theme": "8.0.0",
        "angular-svg-icon": "^12.0.0",
        "tslib": "^2.2.0"
      }
    },
    "@tesla-ce/sensors": {
      "version": "0.0.15",
      "resolved": "https://registry.npmjs.org/@tesla-ce/sensors/-/sensors-0.0.15.tgz",
      "integrity": "sha512-d/+q9HVEm+mGsitNzRrDgDQczGZbqRO0RdacUBBPKsFad1O4vGLLZRS6VXgK0+qS9DNtEO80freJi/g94nnduw==",
      "requires": {
        "tslib": "^2.2.0"
      }
    },
    "angular-svg-icon": {
      "version": "12.0.0",
      "resolved": "https://registry.npmjs.org/angular-svg-icon/-/angular-svg-icon-12.0.0.tgz",
      "integrity": "sha512-nPAbF/U6sHdY+Dt/J5TZuUNOGRZmxoqJioRfLGMeNt8ycbBbTwq1OmkZ7DLuF02+XGafGHwzmI5/2y9OWAl+TA==",
      "requires": {
        "tslib": "^2.2.0"
      }
    },
    "intersection-observer": {
      "version": "0.7.0",
      "resolved": "https://registry.npmjs.org/intersection-observer/-/intersection-observer-0.7.0.tgz",
      "integrity": "sha512-Id0Fij0HsB/vKWGeBe9PxeY45ttRiBmhFyyt/geBdDHBYNctMRTE3dC1U3ujzz3lap+hVXlEcVaB56kZP/eEUg=="
    },
    "tslib": {
      "version": "2.3.1",
      "resolved": "https://registry.npmjs.org/tslib/-/tslib-2.3.1.tgz",
      "integrity": "sha512-77EbyPPpMz+FRFRuAFlWMtmgUWGe9UOG2Z25NqCwiIjRhOf5iKGuzSe5P2w1laq+FkRy4p+PCuVkJSGkzTEKVw=="
    }
  }
}
